// !$*UTF8*$!
{
	archiveVersion = 1;
	classes = {
	};
	objectVersion = 51;
	objects = {

/* Begin PBXBuildFile section */
		B09DE24220D17C324068B5E8 /* Pods_IntuitiveAIStimulator.framework in Frameworks */ = {isa = PBXBuildFile; fileRef = 5232D550097DCDDF75AF4E16 /* Pods_IntuitiveAIStimulator.framework */; };
		EEA4EFB0254C7CCD009D3058 /* MainViewController.swift in Sources */ = {isa = PBXBuildFile; fileRef = EEA4EFAF254C7CCD009D3058 /* MainViewController.swift */; };
		EEEAE195251112BD007329C7 /* AppDelegate.swift in Sources */ = {isa = PBXBuildFile; fileRef = EEEAE194251112BD007329C7 /* AppDelegate.swift */; };
		EEEAE197251112BD007329C7 /* SceneDelegate.swift in Sources */ = {isa = PBXBuildFile; fileRef = EEEAE196251112BD007329C7 /* SceneDelegate.swift */; };
		EEEAE199251112BD007329C7 /* ViewController.swift in Sources */ = {isa = PBXBuildFile; fileRef = EEEAE198251112BD007329C7 /* ViewController.swift */; };
		EEEAE19C251112BD007329C7 /* Main.storyboard in Resources */ = {isa = PBXBuildFile; fileRef = EEEAE19A251112BD007329C7 /* Main.storyboard */; };
		EEEAE19E251112BE007329C7 /* Assets.xcassets in Resources */ = {isa = PBXBuildFile; fileRef = EEEAE19D251112BE007329C7 /* Assets.xcassets */; };
		EEEAE1A1251112BE007329C7 /* LaunchScreen.storyboard in Resources */ = {isa = PBXBuildFile; fileRef = EEEAE19F251112BE007329C7 /* LaunchScreen.storyboard */; };
/* End PBXBuildFile section */

/* Begin PBXFileReference section */
		5232D550097DCDDF75AF4E16 /* Pods_IntuitiveAIStimulator.framework */ = {isa = PBXFileReference; explicitFileType = wrapper.framework; includeInIndex = 0; path = Pods_IntuitiveAIStimulator.framework; sourceTree = BUILT_PRODUCTS_DIR; };
		9497102127ACBF7E9A5C75A4 /* Pods-IntuitiveAIStimulator.debug.xcconfig */ = {isa = PBXFileReference; includeInIndex = 1; lastKnownFileType = text.xcconfig; name = "Pods-IntuitiveAIStimulator.debug.xcconfig"; path = "Target Support Files/Pods-IntuitiveAIStimulator/Pods-IntuitiveAIStimulator.debug.xcconfig"; sourceTree = "<group>"; };
		D79E339C10D49ED5AADBC6CF /* Pods-IntuitiveAIStimulator.release.xcconfig */ = {isa = PBXFileReference; includeInIndex = 1; lastKnownFileType = text.xcconfig; name = "Pods-IntuitiveAIStimulator.release.xcconfig"; path = "Target Support Files/Pods-IntuitiveAIStimulator/Pods-IntuitiveAIStimulator.release.xcconfig"; sourceTree = "<group>"; };
		EEA4EFAF254C7CCD009D3058 /* MainViewController.swift */ = {isa = PBXFileReference; lastKnownFileType = sourcecode.swift; path = MainViewController.swift; sourceTree = "<group>"; };
		EEEAE191251112BD007329C7 /* IntuitiveAIStimulator.app */ = {isa = PBXFileReference; explicitFileType = wrapper.application; includeInIndex = 0; path = IntuitiveAIStimulator.app; sourceTree = BUILT_PRODUCTS_DIR; };
		EEEAE194251112BD007329C7 /* AppDelegate.swift */ = {isa = PBXFileReference; lastKnownFileType = sourcecode.swift; path = AppDelegate.swift; sourceTree = "<group>"; };
		EEEAE196251112BD007329C7 /* SceneDelegate.swift */ = {isa = PBXFileReference; lastKnownFileType = sourcecode.swift; path = SceneDelegate.swift; sourceTree = "<group>"; };
		EEEAE198251112BD007329C7 /* ViewController.swift */ = {isa = PBXFileReference; lastKnownFileType = sourcecode.swift; path = ViewController.swift; sourceTree = "<group>"; };
		EEEAE19B251112BD007329C7 /* Base */ = {isa = PBXFileReference; lastKnownFileType = file.storyboard; name = Base; path = Base.lproj/Main.storyboard; sourceTree = "<group>"; };
		EEEAE19D251112BE007329C7 /* Assets.xcassets */ = {isa = PBXFileReference; lastKnownFileType = folder.assetcatalog; path = Assets.xcassets; sourceTree = "<group>"; };
		EEEAE1A0251112BE007329C7 /* Base */ = {isa = PBXFileReference; lastKnownFileType = file.storyboard; name = Base; path = Base.lproj/LaunchScreen.storyboard; sourceTree = "<group>"; };
		EEEAE1A2251112BE007329C7 /* Info.plist */ = {isa = PBXFileReference; lastKnownFileType = text.plist.xml; path = Info.plist; sourceTree = "<group>"; };
/* End PBXFileReference section */

/* Begin PBXFrameworksBuildPhase section */
		EEEAE18E251112BD007329C7 /* Frameworks */ = {
			isa = PBXFrameworksBuildPhase;
			buildActionMask = 2147483647;
			files = (
				B09DE24220D17C324068B5E8 /* Pods_IntuitiveAIStimulator.framework in Frameworks */,
			);
			runOnlyForDeploymentPostprocessing = 0;
		};
/* End PBXFrameworksBuildPhase section */

/* Begin PBXGroup section */
		47CF2D0A19F4398A10244724 /* Pods */ = {
			isa = PBXGroup;
			children = (
				9497102127ACBF7E9A5C75A4 /* Pods-IntuitiveAIStimulator.debug.xcconfig */,
				D79E339C10D49ED5AADBC6CF /* Pods-IntuitiveAIStimulator.release.xcconfig */,
			);
			path = Pods;
			sourceTree = "<group>";
		};
		6361157097AE0A6CDCBD28E6 /* Frameworks */ = {
			isa = PBXGroup;
			children = (
				5232D550097DCDDF75AF4E16 /* Pods_IntuitiveAIStimulator.framework */,
			);
			name = Frameworks;
			sourceTree = "<group>";
		};
		EEEAE188251112BD007329C7 = {
			isa = PBXGroup;
			children = (
				EEEAE193251112BD007329C7 /* IntuitiveAIStimulator */,
				EEEAE192251112BD007329C7 /* Products */,
				47CF2D0A19F4398A10244724 /* Pods */,
				6361157097AE0A6CDCBD28E6 /* Frameworks */,
			);
			sourceTree = "<group>";
		};
		EEEAE192251112BD007329C7 /* Products */ = {
			isa = PBXGroup;
			children = (
				EEEAE191251112BD007329C7 /* IntuitiveAIStimulator.app */,
			);
			name = Products;
			sourceTree = "<group>";
		};
		EEEAE193251112BD007329C7 /* IntuitiveAIStimulator */ = {
			isa = PBXGroup;
			children = (
				EEEAE194251112BD007329C7 /* AppDelegate.swift */,
				EEEAE196251112BD007329C7 /* SceneDelegate.swift */,
				EEEAE198251112BD007329C7 /* ViewController.swift */,
				EEEAE19A251112BD007329C7 /* Main.storyboard */,
				EEEAE19D251112BE007329C7 /* Assets.xcassets */,
				EEEAE19F251112BE007329C7 /* LaunchScreen.storyboard */,
				EEEAE1A2251112BE007329C7 /* Info.plist */,
				EEA4EFAF254C7CCD009D3058 /* MainViewController.swift */,
			);
			path = IntuitiveAIStimulator;
			sourceTree = "<group>";
		};
/* End PBXGroup section */

/* Begin PBXNativeTarget section */
		EEEAE190251112BD007329C7 /* IntuitiveAIStimulator */ = {
			isa = PBXNativeTarget;
			buildConfigurationList = EEEAE1A5251112BE007329C7 /* Build configuration list for PBXNativeTarget "IntuitiveAIStimulator" */;
			buildPhases = (
				5C03C28F4628E5AE3599D338 /* [CP] Check Pods Manifest.lock */,
				EEEAE18D251112BD007329C7 /* Sources */,
				EEEAE18E251112BD007329C7 /* Frameworks */,
				EEEAE18F251112BD007329C7 /* Resources */,
				0750661198B4E210E1A9B4EC /* [CP] Embed Pods Frameworks */,
			);
			buildRules = (
			);
			dependencies = (
			);
			name = IntuitiveAIStimulator;
			productName = IntuitiveAIStimulator;
			productReference = EEEAE191251112BD007329C7 /* IntuitiveAIStimulator.app */;
			productType = "com.apple.product-type.application";
		};
/* End PBXNativeTarget section */

/* Begin PBXProject section */
		EEEAE189251112BD007329C7 /* Project object */ = {
			isa = PBXProject;
			attributes = {
				LastSwiftUpdateCheck = 1170;
				LastUpgradeCheck = 1200;
				ORGANIZATIONNAME = ibjects;
				TargetAttributes = {
					EEEAE190251112BD007329C7 = {
						CreatedOnToolsVersion = 11.7;
					};
				};
			};
			buildConfigurationList = EEEAE18C251112BD007329C7 /* Build configuration list for PBXProject "IntuitiveAIStimulator" */;
			compatibilityVersion = "Xcode 9.3";
			developmentRegion = en;
			hasScannedForEncodings = 0;
			knownRegions = (
				en,
				Base,
			);
			mainGroup = EEEAE188251112BD007329C7;
			productRefGroup = EEEAE192251112BD007329C7 /* Products */;
			projectDirPath = "";
			projectRoot = "";
			targets = (
				EEEAE190251112BD007329C7 /* IntuitiveAIStimulator */,
			);
		};
/* End PBXProject section */

/* Begin PBXResourcesBuildPhase section */
		EEEAE18F251112BD007329C7 /* Resources */ = {
			isa = PBXResourcesBuildPhase;
			buildActionMask = 2147483647;
			files = (
				EEEAE1A1251112BE007329C7 /* LaunchScreen.storyboard in Resources */,
				EEEAE19E251112BE007329C7 /* Assets.xcassets in Resources */,
				EEEAE19C251112BD007329C7 /* Main.storyboard in Resources */,
			);
			runOnlyForDeploymentPostprocessing = 0;
		};
/* End PBXResourcesBuildPhase section */

/* Begin PBXShellScriptBuildPhase section */
		0750661198B4E210E1A9B4EC /* [CP] Embed Pods Frameworks */ = {
			isa = PBXShellScriptBuildPhase;
			buildActionMask = 2147483647;
			files = (
			);
			inputFileListPaths = (
				"${PODS_ROOT}/Target Support Files/Pods-IntuitiveAIStimulator/Pods-IntuitiveAIStimulator-frameworks-${CONFIGURATION}-input-files.xcfilelist",
			);
			name = "[CP] Embed Pods Frameworks";
			outputFileListPaths = (
				"${PODS_ROOT}/Target Support Files/Pods-IntuitiveAIStimulator/Pods-IntuitiveAIStimulator-frameworks-${CONFIGURATION}-output-files.xcfilelist",
			);
			runOnlyForDeploymentPostprocessing = 0;
			shellPath = /bin/sh;
			shellScript = "\"${PODS_ROOT}/Target Support Files/Pods-IntuitiveAIStimulator/Pods-IntuitiveAIStimulator-frameworks.sh\"\n";
			showEnvVarsInLog = 0;
		};
		5C03C28F4628E5AE3599D338 /* [CP] Check Pods Manifest.lock */ = {
			isa = PBXShellScriptBuildPhase;
			buildActionMask = 2147483647;
			files = (
			);
			inputFileListPaths = (
			);
			inputPaths = (
				"${PODS_PODFILE_DIR_PATH}/Podfile.lock",
				"${PODS_ROOT}/Manifest.lock",
			);
			name = "[CP] Check Pods Manifest.lock";
			outputFileListPaths = (
			);
			outputPaths = (
				"$(DERIVED_FILE_DIR)/Pods-IntuitiveAIStimulator-checkManifestLockResult.txt",
			);
			runOnlyForDeploymentPostprocessing = 0;
			shellPath = /bin/sh;
			shellScript = "diff \"${PODS_PODFILE_DIR_PATH}/Podfile.lock\" \"${PODS_ROOT}/Manifest.lock\" > /dev/null\nif [ $? != 0 ] ; then\n    # print error to STDERR\n    echo \"error: The sandbox is not in sync with the Podfile.lock. Run 'pod install' or update your CocoaPods installation.\" >&2\n    exit 1\nfi\n# This output is used by Xcode 'outputs' to avoid re-running this script phase.\necho \"SUCCESS\" > \"${SCRIPT_OUTPUT_FILE_0}\"\n";
			showEnvVarsInLog = 0;
		};
/* End PBXShellScriptBuildPhase section */

/* Begin PBXSourcesBuildPhase section */
		EEEAE18D251112BD007329C7 /* Sources */ = {
			isa = PBXSourcesBuildPhase;
			buildActionMask = 2147483647;
			files = (
				EEEAE199251112BD007329C7 /* ViewController.swift in Sources */,
				EEEAE195251112BD007329C7 /* AppDelegate.swift in Sources */,
				EEEAE197251112BD007329C7 /* SceneDelegate.swift in Sources */,
				EEA4EFB0254C7CCD009D3058 /* MainViewController.swift in Sources */,
			);
			runOnlyForDeploymentPostprocessing = 0;
		};
/* End PBXSourcesBuildPhase section */

/* Begin PBXVariantGroup section */
		EEEAE19A251112BD007329C7 /* Main.storyboard */ = {
			isa = PBXVariantGroup;
			children = (
				EEEAE19B251112BD007329C7 /* Base */,
			);
			name = Main.storyboard;
			sourceTree = "<group>";
		};
		EEEAE19F251112BE007329C7 /* LaunchScreen.storyboard */ = {
			isa = PBXVariantGroup;
			children = (
				EEEAE1A0251112BE007329C7 /* Base */,
			);
			name = LaunchScreen.storyboard;
			sourceTree = "<group>";
		};
/* End PBXVariantGroup section */

/* Begin XCBuildConfiguration section */
		EEEAE1A3251112BE007329C7 /* Debug */ = {
			isa = XCBuildConfiguration;
			buildSettings = {
				ALWAYS_SEARCH_USER_PATHS = NO;
				CLANG_ANALYZER_NONNULL = YES;
				CLANG_ANALYZER_NUMBER_OBJECT_CONVERSION = YES_AGGRESSIVE;
				CLANG_CXX_LANGUAGE_STANDARD = "gnu++14";
				CLANG_CXX_LIBRARY = "libc++";
				CLANG_ENABLE_MODULES = YES;
				CLANG_ENABLE_OBJC_ARC = YES;
				CLANG_ENABLE_OBJC_WEAK = YES;
				CLANG_WARN_BLOCK_CAPTURE_AUTORELEASING = YES;
				CLANG_WARN_BOOL_CONVERSION = YES;
				CLANG_WARN_COMMA = YES;
				CLANG_WARN_CONSTANT_CONVERSION = YES;
				CLANG_WARN_DEPRECATED_OBJC_IMPLEMENTATIONS = YES;
				CLANG_WARN_DIRECT_OBJC_ISA_USAGE = YES_ERROR;
				CLANG_WARN_DOCUMENTATION_COMMENTS = YES;
				CLANG_WARN_EMPTY_BODY = YES;
				CLANG_WARN_ENUM_CONVERSION = YES;
				CLANG_WARN_INFINITE_RECURSION = YES;
				CLANG_WARN_INT_CONVERSION = YES;
				CLANG_WARN_NON_LITERAL_NULL_CONVERSION = YES;
				CLANG_WARN_OBJC_IMPLICIT_RETAIN_SELF = YES;
				CLANG_WARN_OBJC_LITERAL_CONVERSION = YES;
				CLANG_WARN_OBJC_ROOT_CLASS = YES_ERROR;
				CLANG_WARN_QUOTED_INCLUDE_IN_FRAMEWORK_HEADER = YES;
				CLANG_WARN_RANGE_LOOP_ANALYSIS = YES;
				CLANG_WARN_STRICT_PROTOTYPES = YES;
				CLANG_WARN_SUSPICIOUS_MOVE = YES;
				CLANG_WARN_UNGUARDED_AVAILABILITY = YES_AGGRESSIVE;
				CLANG_WARN_UNREACHABLE_CODE = YES;
				CLANG_WARN__DUPLICATE_METHOD_MATCH = YES;
				COPY_PHASE_STRIP = NO;
				DEBUG_INFORMATION_FORMAT = dwarf;
				ENABLE_STRICT_OBJC_MSGSEND = YES;
				ENABLE_TESTABILITY = YES;
				GCC_C_LANGUAGE_STANDARD = gnu11;
				GCC_DYNAMIC_NO_PIC = NO;
				GCC_NO_COMMON_BLOCKS = YES;
				GCC_OPTIMIZATION_LEVEL = 0;
				GCC_PREPROCESSOR_DEFINITIONS = (
					"DEBUG=1",
					"$(inherited)",
				);
				GCC_WARN_64_TO_32_BIT_CONVERSION = YES;
				GCC_WARN_ABOUT_RETURN_TYPE = YES_ERROR;
				GCC_WARN_UNDECLARED_SELECTOR = YES;
				GCC_WARN_UNINITIALIZED_AUTOS = YES_AGGRESSIVE;
				GCC_WARN_UNUSED_FUNCTION = YES;
				GCC_WARN_UNUSED_VARIABLE = YES;
				IPHONEOS_DEPLOYMENT_TARGET = 13.7;
				MTL_ENABLE_DEBUG_INFO = INCLUDE_SOURCE;
				MTL_FAST_MATH = YES;
				ONLY_ACTIVE_ARCH = YES;
				SDKROOT = iphoneos;
				SWIFT_ACTIVE_COMPILATION_CONDITIONS = DEBUG;
				SWIFT_OPTIMIZATION_LEVEL = "-Onone";
			};
			name = Debug;
		};
		EEEAE1A4251112BE007329C7 /* Release */ = {
			isa = XCBuildConfiguration;
			buildSettings = {
				ALWAYS_SEARCH_USER_PATHS = NO;
				CLANG_ANALYZER_NONNULL = YES;
				CLANG_ANALYZER_NUMBER_OBJECT_CONVERSION = YES_AGGRESSIVE;
				CLANG_CXX_LANGUAGE_STANDARD = "gnu++14";
				CLANG_CXX_LIBRARY = "libc++";
				CLANG_ENABLE_MODULES = YES;
				CLANG_ENABLE_OBJC_ARC = YES;
				CLANG_ENABLE_OBJC_WEAK = YES;
				CLANG_WARN_BLOCK_CAPTURE_AUTORELEASING = YES;
				CLANG_WARN_BOOL_CONVERSION = YES;
				CLANG_WARN_COMMA = YES;
				CLANG_WARN_CONSTANT_CONVERSION = YES;
				CLANG_WARN_DEPRECATED_OBJC_IMPLEMENTATIONS = YES;
				CLANG_WARN_DIRECT_OBJC_ISA_USAGE = YES_ERROR;
				CLANG_WARN_DOCUMENTATION_COMMENTS = YES;
				CLANG_WARN_EMPTY_BODY = YES;
				CLANG_WARN_ENUM_CONVERSION = YES;
				CLANG_WARN_INFINITE_RECURSION = YES;
				CLANG_WARN_INT_CONVERSION = YES;
				CLANG_WARN_NON_LITERAL_NULL_CONVERSION = YES;
				CLANG_WARN_OBJC_IMPLICIT_RETAIN_SELF = YES;
				CLANG_WARN_OBJC_LITERAL_CONVERSION = YES;
				CLANG_WARN_OBJC_ROOT_CLASS = YES_ERROR;
				CLANG_WARN_QUOTED_INCLUDE_IN_FRAMEWORK_HEADER = YES;
				CLANG_WARN_RANGE_LOOP_ANALYSIS = YES;
				CLANG_WARN_STRICT_PROTOTYPES = YES;
				CLANG_WARN_SUSPICIOUS_MOVE = YES;
				CLANG_WARN_UNGUARDED_AVAILABILITY = YES_AGGRESSIVE;
				CLANG_WARN_UNREACHABLE_CODE = YES;
				CLANG_WARN__DUPLICATE_METHOD_MATCH = YES;
				COPY_PHASE_STRIP = NO;
				DEBUG_INFORMATION_FORMAT = "dwarf-with-dsym";
				ENABLE_NS_ASSERTIONS = NO;
				ENABLE_STRICT_OBJC_MSGSEND = YES;
				GCC_C_LANGUAGE_STANDARD = gnu11;
				GCC_NO_COMMON_BLOCKS = YES;
				GCC_WARN_64_TO_32_BIT_CONVERSION = YES;
				GCC_WARN_ABOUT_RETURN_TYPE = YES_ERROR;
				GCC_WARN_UNDECLARED_SELECTOR = YES;
				GCC_WARN_UNINITIALIZED_AUTOS = YES_AGGRESSIVE;
				GCC_WARN_UNUSED_FUNCTION = YES;
				GCC_WARN_UNUSED_VARIABLE = YES;
				IPHONEOS_DEPLOYMENT_TARGET = 13.7;
				MTL_ENABLE_DEBUG_INFO = NO;
				MTL_FAST_MATH = YES;
				SDKROOT = iphoneos;
				SWIFT_COMPILATION_MODE = wholemodule;
				SWIFT_OPTIMIZATION_LEVEL = "-O";
				VALIDATE_PRODUCT = YES;
			};
			name = Release;
		};
		EEEAE1A6251112BE007329C7 /* Debug */ = {
			isa = XCBuildConfiguration;
			baseConfigurationReference = 9497102127ACBF7E9A5C75A4 /* Pods-IntuitiveAIStimulator.debug.xcconfig */;
			buildSettings = {
				ASSETCATALOG_COMPILER_APPICON_NAME = AppIcon;
				CODE_SIGN_STYLE = Automatic;
				DEVELOPMENT_TEAM = W9472Y6QUB;
				INFOPLIST_FILE = IntuitiveAIStimulator/Info.plist;
				LD_RUNPATH_SEARCH_PATHS = (
					"$(inherited)",
					"@executable_path/Frameworks",
				);
				PRODUCT_BUNDLE_IDENTIFIER = com.ibjects.IntuitiveAIStimulator;
				PRODUCT_NAME = "$(TARGET_NAME)";
				SWIFT_VERSION = 5.0;
				TARGETED_DEVICE_FAMILY = "1,2";
			};
			name = Debug;
		};
		EEEAE1A7251112BE007329C7 /* Release */ = {
			isa = XCBuildConfiguration;
			baseConfigurationReference = D79E339C10D49ED5AADBC6CF /* Pods-IntuitiveAIStimulator.release.xcconfig */;
			buildSettings = {
				ASSETCATALOG_COMPILER_APPICON_NAME = AppIcon;
				CODE_SIGN_STYLE = Automatic;
				DEVELOPMENT_TEAM = W9472Y6QUB;
				INFOPLIST_FILE = IntuitiveAIStimulator/Info.plist;
				LD_RUNPATH_SEARCH_PATHS = (
					"$(inherited)",
					"@executable_path/Frameworks",
				);
				PRODUCT_BUNDLE_IDENTIFIER = com.ibjects.IntuitiveAIStimulator;
				PRODUCT_NAME = "$(TARGET_NAME)";
				SWIFT_VERSION = 5.0;
				TARGETED_DEVICE_FAMILY = "1,2";
			};
			name = Release;
		};
/* End XCBuildConfiguration section */

/* Begin XCConfigurationList section */
		EEEAE18C251112BD007329C7 /* Build configuration list for PBXProject "IntuitiveAIStimulator" */ = {
			isa = XCConfigurationList;
			buildConfigurations = (
				EEEAE1A3251112BE007329C7 /* Debug */,
				EEEAE1A4251112BE007329C7 /* Release */,
			);
			defaultConfigurationIsVisible = 0;
			defaultConfigurationName = Release;
		};
		EEEAE1A5251112BE007329C7 /* Build configuration list for PBXNativeTarget "IntuitiveAIStimulator" */ = {
			isa = XCConfigurationList;
			buildConfigurations = (
				EEEAE1A6251112BE007329C7 /* Debug */,
				EEEAE1A7251112BE007329C7 /* Release */,
			);
			defaultConfigurationIsVisible = 0;
			defaultConfigurationName = Release;
		};
/* End XCConfigurationList section */
	};
	rootObject = EEEAE189251112BD007329C7 /* Project object */;
}
